// !$*UTF8*$!
{
	archiveVersion = 1;
	classes = {
	};
	objectVersion = 46;
	objects = {

/* Begin PBXBuildFile section */
		EF8F56EE1A8BA49D00FE1B45 /* main.m in Sources */ = {isa = PBXBuildFile; fileRef = EF8F56ED1A8BA49D00FE1B45 /* main.m */; };
		EF8F56F11A8BA49D00FE1B45 /* AppDelegate.m in Sources */ = {isa = PBXBuildFile; fileRef = EF8F56F01A8BA49D00FE1B45 /* AppDelegate.m */; };
		EF8F56F41A8BA49D00FE1B45 /* to_do_list.xcdatamodeld in Sources */ = {isa = PBXBuildFile; fileRef = EF8F56F21A8BA49D00FE1B45 /* to_do_list.xcdatamodeld */; };
		EF8F56F71A8BA49D00FE1B45 /* ViewController.m in Sources */ = {isa = PBXBuildFile; fileRef = EF8F56F61A8BA49D00FE1B45 /* ViewController.m */; };
		EF8F56FA1A8BA49D00FE1B45 /* Main.storyboard in Resources */ = {isa = PBXBuildFile; fileRef = EF8F56F81A8BA49D00FE1B45 /* Main.storyboard */; };
		EF8F56FC1A8BA49D00FE1B45 /* Images.xcassets in Resources */ = {isa = PBXBuildFile; fileRef = EF8F56FB1A8BA49D00FE1B45 /* Images.xcassets */; };
		EF8F56FF1A8BA49D00FE1B45 /* LaunchScreen.xib in Resources */ = {isa = PBXBuildFile; fileRef = EF8F56FD1A8BA49D00FE1B45 /* LaunchScreen.xib */; };
		EF8F570B1A8BA49D00FE1B45 /* to_do_listTests.m in Sources */ = {isa = PBXBuildFile; fileRef = EF8F570A1A8BA49D00FE1B45 /* to_do_listTests.m */; };
/* End PBXBuildFile section */

/* Begin PBXContainerItemProxy section */
		EF8F57051A8BA49D00FE1B45 /* PBXContainerItemProxy */ = {
			isa = PBXContainerItemProxy;
			containerPortal = EF8F56E01A8BA49D00FE1B45 /* Project object */;
			proxyType = 1;
			remoteGlobalIDString = EF8F56E71A8BA49D00FE1B45;
			remoteInfo = "to do list";
		};
/* End PBXContainerItemProxy section */

/* Begin PBXFileReference section */
		EF8F56E81A8BA49D00FE1B45 /* to do list.app */ = {isa = PBXFileReference; explicitFileType = wrapper.application; includeInIndex = 0; path = "to do list.app"; sourceTree = BUILT_PRODUCTS_DIR; };
		EF8F56EC1A8BA49D00FE1B45 /* Info.plist */ = {isa = PBXFileReference; lastKnownFileType = text.plist.xml; path = Info.plist; sourceTree = "<group>"; };
		EF8F56ED1A8BA49D00FE1B45 /* main.m */ = {isa = PBXFileReference; lastKnownFileType = sourcecode.c.objc; path = main.m; sourceTree = "<group>"; };
		EF8F56EF1A8BA49D00FE1B45 /* AppDelegate.h */ = {isa = PBXFileReference; lastKnownFileType = sourcecode.c.h; path = AppDelegate.h; sourceTree = "<group>"; };
		EF8F56F01A8BA49D00FE1B45 /* AppDelegate.m */ = {isa = PBXFileReference; lastKnownFileType = sourcecode.c.objc; path = AppDelegate.m; sourceTree = "<group>"; };
		EF8F56F31A8BA49D00FE1B45 /* to_do_list.xcdatamodel */ = {isa = PBXFileReference; lastKnownFileType = wrapper.xcdatamodel; path = to_do_list.xcdatamodel; sourceTree = "<group>"; };
		EF8F56F51A8BA49D00FE1B45 /* ViewController.h */ = {isa = PBXFileReference; lastKnownFileType = sourcecode.c.h; path = ViewController.h; sourceTree = "<group>"; };
		EF8F56F61A8BA49D00FE1B45 /* ViewController.m */ = {isa = PBXFileReference; lastKnownFileType = sourcecode.c.objc; path = ViewController.m; sourceTree = "<group>"; };
		EF8F56F91A8BA49D00FE1B45 /* Base */ = {isa = PBXFileReference; lastKnownFileType = file.storyboard; name = Base; path = Base.lproj/Main.storyboard; sourceTree = "<group>"; };
		EF8F56FB1A8BA49D00FE1B45 /* Images.xcassets */ = {isa = PBXFileReference; lastKnownFileType = folder.assetcatalog; path = Images.xcassets; sourceTree = "<group>"; };
		EF8F56FE1A8BA49D00FE1B45 /* Base */ = {isa = PBXFileReference; lastKnownFileType = file.xib; name = Base; path = Base.lproj/LaunchScreen.xib; sourceTree = "<group>"; };
		EF8F57041A8BA49D00FE1B45 /* to do listTests.xctest */ = {isa = PBXFileReference; explicitFileType = wrapper.cfbundle; includeInIndex = 0; path = "to do listTests.xctest"; sourceTree = BUILT_PRODUCTS_DIR; };
		EF8F57091A8BA49D00FE1B45 /* Info.plist */ = {isa = PBXFileReference; lastKnownFileType = text.plist.xml; path = Info.plist; sourceTree = "<group>"; };
		EF8F570A1A8BA49D00FE1B45 /* to_do_listTests.m */ = {isa = PBXFileReference; lastKnownFileType = sourcecode.c.objc; path = to_do_listTests.m; sourceTree = "<group>"; };
/* End PBXFileReference section */

/* Begin PBXFrameworksBuildPhase section */
		EF8F56E51A8BA49D00FE1B45 /* Frameworks */ = {
			isa = PBXFrameworksBuildPhase;
			buildActionMask = 2147483647;
			files = (
			);
			runOnlyForDeploymentPostprocessing = 0;
		};
		EF8F57011A8BA49D00FE1B45 /* Frameworks */ = {
			isa = PBXFrameworksBuildPhase;
			buildActionMask = 2147483647;
			files = (
			);
			runOnlyForDeploymentPostprocessing = 0;
		};
/* End PBXFrameworksBuildPhase section */

/* Begin PBXGroup section */
		EF8F56DF1A8BA49D00FE1B45 = {
			isa = PBXGroup;
			children = (
				EF8F56EA1A8BA49D00FE1B45 /* to do list */,
				EF8F57071A8BA49D00FE1B45 /* to do listTests */,
				EF8F56E91A8BA49D00FE1B45 /* Products */,
			);
			sourceTree = "<group>";
		};
		EF8F56E91A8BA49D00FE1B45 /* Products */ = {
			isa = PBXGroup;
			children = (
				EF8F56E81A8BA49D00FE1B45 /* to do list.app */,
				EF8F57041A8BA49D00FE1B45 /* to do listTests.xctest */,
			);
			name = Products;
			sourceTree = "<group>";
		};
		EF8F56EA1A8BA49D00FE1B45 /* to do list */ = {
			isa = PBXGroup;
			children = (
				EF8F56EF1A8BA49D00FE1B45 /* AppDelegate.h */,
				EF8F56F01A8BA49D00FE1B45 /* AppDelegate.m */,
				EF8F56F51A8BA49D00FE1B45 /* ViewController.h */,
				EF8F56F61A8BA49D00FE1B45 /* ViewController.m */,
				EF8F56F81A8BA49D00FE1B45 /* Main.storyboard */,
				EF8F56FB1A8BA49D00FE1B45 /* Images.xcassets */,
				EF8F56FD1A8BA49D00FE1B45 /* LaunchScreen.xib */,
				EF8F56F21A8BA49D00FE1B45 /* to_do_list.xcdatamodeld */,
				EF8F56EB1A8BA49D00FE1B45 /* Supporting Files */,
			);
			path = "to do list";
			sourceTree = "<group>";
		};
		EF8F56EB1A8BA49D00FE1B45 /* Supporting Files */ = {
			isa = PBXGroup;
			children = (
				EF8F56EC1A8BA49D00FE1B45 /* Info.plist */,
				EF8F56ED1A8BA49D00FE1B45 /* main.m */,
			);
			name = "Supporting Files";
			sourceTree = "<group>";
		};
		EF8F57071A8BA49D00FE1B45 /* to do listTests */ = {
			isa = PBXGroup;
			children = (
				EF8F570A1A8BA49D00FE1B45 /* to_do_listTests.m */,
				EF8F57081A8BA49D00FE1B45 /* Supporting Files */,
			);
			path = "to do listTests";
			sourceTree = "<group>";
		};
		EF8F57081A8BA49D00FE1B45 /* Supporting Files */ = {
			isa = PBXGroup;
			children = (
				EF8F57091A8BA49D00FE1B45 /* Info.plist */,
			);
			name = "Supporting Files";
			sourceTree = "<group>";
		};
/* End PBXGroup section */

/* Begin PBXNativeTarget section */
		EF8F56E71A8BA49D00FE1B45 /* to do list */ = {
			isa = PBXNativeTarget;
			buildConfigurationList = EF8F570E1A8BA49D00FE1B45 /* Build configuration list for PBXNativeTarget "to do list" */;
			buildPhases = (
				EF8F56E41A8BA49D00FE1B45 /* Sources */,
				EF8F56E51A8BA49D00FE1B45 /* Frameworks */,
				EF8F56E61A8BA49D00FE1B45 /* Resources */,
			);
			buildRules = (
			);
			dependencies = (
			);
			name = "to do list";
			productName = "to do list";
			productReference = EF8F56E81A8BA49D00FE1B45 /* to do list.app */;
			productType = "com.apple.product-type.application";
		};
		EF8F57031A8BA49D00FE1B45 /* to do listTests */ = {
			isa = PBXNativeTarget;
			buildConfigurationList = EF8F57111A8BA49D00FE1B45 /* Build configuration list for PBXNativeTarget "to do listTests" */;
			buildPhases = (
				EF8F57001A8BA49D00FE1B45 /* Sources */,
				EF8F57011A8BA49D00FE1B45 /* Frameworks */,
				EF8F57021A8BA49D00FE1B45 /* Resources */,
			);
			buildRules = (
			);
			dependencies = (
				EF8F57061A8BA49D00FE1B45 /* PBXTargetDependency */,
			);
			name = "to do listTests";
			productName = "to do listTests";
			productReference = EF8F57041A8BA49D00FE1B45 /* to do listTests.xctest */;
			productType = "com.apple.product-type.bundle.unit-test";
		};
/* End PBXNativeTarget section */

/* Begin PBXProject section */
		EF8F56E01A8BA49D00FE1B45 /* Project object */ = {
			isa = PBXProject;
			attributes = {
				LastUpgradeCheck = 0610;
				ORGANIZATIONNAME = "xavier engels";
				TargetAttributes = {
					EF8F56E71A8BA49D00FE1B45 = {
						CreatedOnToolsVersion = 6.1;
					};
					EF8F57031A8BA49D00FE1B45 = {
						CreatedOnToolsVersion = 6.1;
						TestTargetID = EF8F56E71A8BA49D00FE1B45;
					};
				};
			};
			buildConfigurationList = EF8F56E31A8BA49D00FE1B45 /* Build configuration list for PBXProject "to do list" */;
			compatibilityVersion = "Xcode 3.2";
			developmentRegion = English;
			hasScannedForEncodings = 0;
			knownRegions = (
				en,
				Base,
			);
			mainGroup = EF8F56DF1A8BA49D00FE1B45;
			productRefGroup = EF8F56E91A8BA49D00FE1B45 /* Products */;
			projectDirPath = "";
			projectRoot = "";
			targets = (
				EF8F56E71A8BA49D00FE1B45 /* to do list */,
				EF8F57031A8BA49D00FE1B45 /* to do listTests */,
			);
		};
/* End PBXProject section */

/* Begin PBXResourcesBuildPhase section */
		EF8F56E61A8BA49D00FE1B45 /* Resources */ = {
			isa = PBXResourcesBuildPhase;
			buildActionMask = 2147483647;
			files = (
				EF8F56FA1A8BA49D00FE1B45 /* Main.storyboard in Resources */,
				EF8F56FF1A8BA49D00FE1B45 /* LaunchScreen.xib in Resources */,
				EF8F56FC1A8BA49D00FE1B45 /* Images.xcassets in Resources */,
			);
			runOnlyForDeploymentPostprocessing = 0;
		};
		EF8F57021A8BA49D00FE1B45 /* Resources */ = {
			isa = PBXResourcesBuildPhase;
			buildActionMask = 2147483647;
			files = (
			);
			runOnlyForDeploymentPostprocessing = 0;
		};
/* End PBXResourcesBuildPhase section */

/* Begin PBXSourcesBuildPhase section */
		EF8F56E41A8BA49D00FE1B45 /* Sources */ = {
			isa = PBXSourcesBuildPhase;
			buildActionMask = 2147483647;
			files = (
				EF8F56F11A8BA49D00FE1B45 /* AppDelegate.m in Sources */,
				EF8F56EE1A8BA49D00FE1B45 /* main.m in Sources */,
				EF8F56F71A8BA49D00FE1B45 /* ViewController.m in Sources */,
				EF8F56F41A8BA49D00FE1B45 /* to_do_list.xcdatamodeld in Sources */,
			);
			runOnlyForDeploymentPostprocessing = 0;
		};
		EF8F57001A8BA49D00FE1B45 /* Sources */ = {
			isa = PBXSourcesBuildPhase;
			buildActionMask = 2147483647;
			files = (
				EF8F570B1A8BA49D00FE1B45 /* to_do_listTests.m in Sources */,
			);
			runOnlyForDeploymentPostprocessing = 0;
		};
/* End PBXSourcesBuildPhase section */

/* Begin PBXTargetDependency section */
		EF8F57061A8BA49D00FE1B45 /* PBXTargetDependency */ = {
			isa = PBXTargetDependency;
			target = EF8F56E71A8BA49D00FE1B45 /* to do list */;
			targetProxy = EF8F57051A8BA49D00FE1B45 /* PBXContainerItemProxy */;
		};
/* End PBXTargetDependency section */

/* Begin PBXVariantGroup section */
		EF8F56F81A8BA49D00FE1B45 /* Main.storyboard */ = {
			isa = PBXVariantGroup;
			children = (
				EF8F56F91A8BA49D00FE1B45 /* Base */,
			);
			name = Main.storyboard;
			sourceTree = "<group>";
		};
		EF8F56FD1A8BA49D00FE1B45 /* LaunchScreen.xib */ = {
			isa = PBXVariantGroup;
			children = (
				EF8F56FE1A8BA49D00FE1B45 /* Base */,
			);
			name = LaunchScreen.xib;
			sourceTree = "<group>";
		};
/* End PBXVariantGroup section */

/* Begin XCBuildConfiguration section */
		EF8F570C1A8BA49D00FE1B45 /* Debug */ = {
			isa = XCBuildConfiguration;
			buildSettings = {
				ALWAYS_SEARCH_USER_PATHS = NO;
				CLANG_CXX_LANGUAGE_STANDARD = "gnu++0x";
				CLANG_CXX_LIBRARY = "libc++";
				CLANG_ENABLE_MODULES = YES;
				CLANG_ENABLE_OBJC_ARC = YES;
				CLANG_WARN_BOOL_CONVERSION = YES;
				CLANG_WARN_CONSTANT_CONVERSION = YES;
				CLANG_WARN_DIRECT_OBJC_ISA_USAGE = YES_ERROR;
				CLANG_WARN_EMPTY_BODY = YES;
				CLANG_WARN_ENUM_CONVERSION = YES;
				CLANG_WARN_INT_CONVERSION = YES;
				CLANG_WARN_OBJC_ROOT_CLASS = YES_ERROR;
				CLANG_WARN_UNREACHABLE_CODE = YES;
				CLANG_WARN__DUPLICATE_METHOD_MATCH = YES;
				"CODE_SIGN_IDENTITY[sdk=iphoneos*]" = "iPhone Developer";
				COPY_PHASE_STRIP = NO;
				ENABLE_STRICT_OBJC_MSGSEND = YES;
				GCC_C_LANGUAGE_STANDARD = gnu99;
				GCC_DYNAMIC_NO_PIC = NO;
				GCC_OPTIMIZATION_LEVEL = 0;
				GCC_PREPROCESSOR_DEFINITIONS = (
					"DEBUG=1",
					"$(inherited)",
				);
				GCC_SYMBOLS_PRIVATE_EXTERN = NO;
				GCC_WARN_64_TO_32_BIT_CONVERSION = YES;
				GCC_WARN_ABOUT_RETURN_TYPE = YES_ERROR;
				GCC_WARN_UNDECLARED_SELECTOR = YES;
				GCC_WARN_UNINITIALIZED_AUTOS = YES_AGGRESSIVE;
				GCC_WARN_UNUSED_FUNCTION = YES;
				GCC_WARN_UNUSED_VARIABLE = YES;
				IPHONEOS_DEPLOYMENT_TARGET = 8.1;
				MTL_ENABLE_DEBUG_INFO = YES;
				ONLY_ACTIVE_ARCH = YES;
				SDKROOT = iphoneos;
			};
			name = Debug;
		};
		EF8F570D1A8BA49D00FE1B45 /* Release */ = {
			isa = XCBuildConfiguration;
			buildSettings = {
				ALWAYS_SEARCH_USER_PATHS = NO;
				CLANG_CXX_LANGUAGE_STANDARD = "gnu++0x";
				CLANG_CXX_LIBRARY = "libc++";
				CLANG_ENABLE_MODULES = YES;
				CLANG_ENABLE_OBJC_ARC = YES;
				CLANG_WARN_BOOL_CONVERSION = YES;
				CLANG_WARN_CONSTANT_CONVERSION = YES;
				CLANG_WARN_DIRECT_OBJC_ISA_USAGE = YES_ERROR;
				CLANG_WARN_EMPTY_BODY = YES;
				CLANG_WARN_ENUM_CONVERSION = YES;
				CLANG_WARN_INT_CONVERSION = YES;
				CLANG_WARN_OBJC_ROOT_CLASS = YES_ERROR;
				CLANG_WARN_UNREACHABLE_CODE = YES;
				CLANG_WARN__DUPLICATE_METHOD_MATCH = YES;
				"CODE_SIGN_IDENTITY[sdk=iphoneos*]" = "iPhone Developer";
				COPY_PHASE_STRIP = YES;
				ENABLE_NS_ASSERTIONS = NO;
				ENABLE_STRICT_OBJC_MSGSEND = YES;
				GCC_C_LANGUAGE_STANDARD = gnu99;
				GCC_WARN_64_TO_32_BIT_CONVERSION = YES;
				GCC_WARN_ABOUT_RETURN_TYPE = YES_ERROR;
				GCC_WARN_UNDECLARED_SELECTOR = YES;
				GCC_WARN_UNINITIALIZED_AUTOS = YES_AGGRESSIVE;
				GCC_WARN_UNUSED_FUNCTION = YES;
				GCC_WARN_UNUSED_VARIABLE = YES;
				IPHONEOS_DEPLOYMENT_TARGET = 8.1;
				MTL_ENABLE_DEBUG_INFO = NO;
				SDKROOT = iphoneos;
				VALIDATE_PRODUCT = YES;
			};
			name = Release;
		};
		EF8F570F1A8BA49D00FE1B45 /* Debug */ = {
			isa = XCBuildConfiguration;
			buildSettings = {
				ASSETCATALOG_COMPILER_APPICON_NAME = AppIcon;
				INFOPLIST_FILE = "to do list/Info.plist";
				LD_RUNPATH_SEARCH_PATHS = "$(inherited) @executable_path/Frameworks";
				PRODUCT_NAME = "$(TARGET_NAME)";
			};
			name = Debug;
		};
		EF8F57101A8BA49D00FE1B45 /* Release */ = {
			isa = XCBuildConfiguration;
			buildSettings = {
				ASSETCATALOG_COMPILER_APPICON_NAME = AppIcon;
				INFOPLIST_FILE = "to do list/Info.plist";
				LD_RUNPATH_SEARCH_PATHS = "$(inherited) @executable_path/Frameworks";
				PRODUCT_NAME = "$(TARGET_NAME)";
			};
			name = Release;
		};
		EF8F57121A8BA49D00FE1B45 /* Debug */ = {
			isa = XCBuildConfiguration;
			buildSettings = {
				BUNDLE_LOADER = "$(TEST_HOST)";
				FRAMEWORK_SEARCH_PATHS = (
					"$(SDKROOT)/Developer/Library/Frameworks",
					"$(inherited)",
				);
				GCC_PREPROCESSOR_DEFINITIONS = (
					"DEBUG=1",
					"$(inherited)",
				);
				INFOPLIST_FILE = "to do listTests/Info.plist";
				LD_RUNPATH_SEARCH_PATHS = "$(inherited) @executable_path/Frameworks @loader_path/Frameworks";
				PRODUCT_NAME = "$(TARGET_NAME)";
				TEST_HOST = "$(BUILT_PRODUCTS_DIR)/to do list.app/to do list";
			};
			name = Debug;
		};
		EF8F57131A8BA49D00FE1B45 /* Release */ = {
			isa = XCBuildConfiguration;
			buildSettings = {
				BUNDLE_LOADER = "$(TEST_HOST)";
				FRAMEWORK_SEARCH_PATHS = (
					"$(SDKROOT)/Developer/Library/Frameworks",
					"$(inherited)",
				);
				INFOPLIST_FILE = "to do listTests/Info.plist";
				LD_RUNPATH_SEARCH_PATHS = "$(inherited) @executable_path/Frameworks @loader_path/Frameworks";
				PRODUCT_NAME = "$(TARGET_NAME)";
				TEST_HOST = "$(BUILT_PRODUCTS_DIR)/to do list.app/to do list";
			};
			name = Release;
		};
/* End XCBuildConfiguration section */

/* Begin XCConfigurationList section */
		EF8F56E31A8BA49D00FE1B45 /* Build configuration list for PBXProject "to do list" */ = {
			isa = XCConfigurationList;
			buildConfigurations = (
				EF8F570C1A8BA49D00FE1B45 /* Debug */,
				EF8F570D1A8BA49D00FE1B45 /* Release */,
			);
			defaultConfigurationIsVisible = 0;
			defaultConfigurationName = Release;
		};
		EF8F570E1A8BA49D00FE1B45 /* Build configuration list for PBXNativeTarget "to do list" */ = {
			isa = XCConfigurationList;
			buildConfigurations = (
				EF8F570F1A8BA49D00FE1B45 /* Debug */,
				EF8F57101A8BA49D00FE1B45 /* Release */,
			);
			defaultConfigurationIsVisible = 0;
		};
		EF8F57111A8BA49D00FE1B45 /* Build configuration list for PBXNativeTarget "to do listTests" */ = {
			isa = XCConfigurationList;
			buildConfigurations = (
				EF8F57121A8BA49D00FE1B45 /* Debug */,
				EF8F57131A8BA49D00FE1B45 /* Release */,
			);
			defaultConfigurationIsVisible = 0;
		};
/* End XCConfigurationList section */

/* Begin XCVersionGroup section */
		EF8F56F21A8BA49D00FE1B45 /* to_do_list.xcdatamodeld */ = {
			isa = XCVersionGroup;
			children = (
				EF8F56F31A8BA49D00FE1B45 /* to_do_list.xcdatamodel */,
			);
			currentVersion = EF8F56F31A8BA49D00FE1B45 /* to_do_list.xcdatamodel */;
			path = to_do_list.xcdatamodeld;
			sourceTree = "<group>";
			versionGroupType = wrapper.xcdatamodel;
		};
/* End XCVersionGroup section */
	};
	rootObject = EF8F56E01A8BA49D00FE1B45 /* Project object */;
}
